// !$*UTF8*$!
{
	archiveVersion = 1;
	classes = {
	};
	objectVersion = 56;
	objects = {

/* Begin PBXBuildFile section */
		64E878F7292EA3A800EB9FEE /* AppDelegate.swift in Sources */ = {isa = PBXBuildFile; fileRef = 64E878F6292EA3A800EB9FEE /* AppDelegate.swift */; };
		64E878F9292EA3A800EB9FEE /* SceneDelegate.swift in Sources */ = {isa = PBXBuildFile; fileRef = 64E878F8292EA3A800EB9FEE /* SceneDelegate.swift */; };
		64E878FE292EA3A800EB9FEE /* Main.storyboard in Resources */ = {isa = PBXBuildFile; fileRef = 64E878FC292EA3A800EB9FEE /* Main.storyboard */; };
		64E87900292EA3A900EB9FEE /* Assets.xcassets in Resources */ = {isa = PBXBuildFile; fileRef = 64E878FF292EA3A900EB9FEE /* Assets.xcassets */; };
		64E87903292EA3A900EB9FEE /* LaunchScreen.storyboard in Resources */ = {isa = PBXBuildFile; fileRef = 64E87901292EA3A900EB9FEE /* LaunchScreen.storyboard */; };
		64E8790D292EA4EB00EB9FEE /* Contact.swift in Sources */ = {isa = PBXBuildFile; fileRef = 64E8790C292EA4EB00EB9FEE /* Contact.swift */; };
		64E87910292EA67D00EB9FEE /* DataStore.swift in Sources */ = {isa = PBXBuildFile; fileRef = 64E8790F292EA67D00EB9FEE /* DataStore.swift */; };
		64E87913292EAA4100EB9FEE /* ContactListViewController.swift in Sources */ = {isa = PBXBuildFile; fileRef = 64E87912292EAA4100EB9FEE /* ContactListViewController.swift */; };
		64E87916292EB53300EB9FEE /* ContactDetailsViewController.swift in Sources */ = {isa = PBXBuildFile; fileRef = 64E87915292EB53300EB9FEE /* ContactDetailsViewController.swift */; };
/* End PBXBuildFile section */

/* Begin PBXFileReference section */
		64E878F3292EA3A800EB9FEE /* ContactList.app */ = {isa = PBXFileReference; explicitFileType = wrapper.application; includeInIndex = 0; path = ContactList.app; sourceTree = BUILT_PRODUCTS_DIR; };
		64E878F6292EA3A800EB9FEE /* AppDelegate.swift */ = {isa = PBXFileReference; lastKnownFileType = sourcecode.swift; path = AppDelegate.swift; sourceTree = "<group>"; };
		64E878F8292EA3A800EB9FEE /* SceneDelegate.swift */ = {isa = PBXFileReference; lastKnownFileType = sourcecode.swift; path = SceneDelegate.swift; sourceTree = "<group>"; };
		64E878FD292EA3A800EB9FEE /* Base */ = {isa = PBXFileReference; lastKnownFileType = file.storyboard; name = Base; path = Base.lproj/Main.storyboard; sourceTree = "<group>"; };
		64E878FF292EA3A900EB9FEE /* Assets.xcassets */ = {isa = PBXFileReference; lastKnownFileType = folder.assetcatalog; path = Assets.xcassets; sourceTree = "<group>"; };
		64E87902292EA3A900EB9FEE /* Base */ = {isa = PBXFileReference; lastKnownFileType = file.storyboard; name = Base; path = Base.lproj/LaunchScreen.storyboard; sourceTree = "<group>"; };
		64E87904292EA3A900EB9FEE /* Info.plist */ = {isa = PBXFileReference; lastKnownFileType = text.plist.xml; path = Info.plist; sourceTree = "<group>"; };
		64E8790C292EA4EB00EB9FEE /* Contact.swift */ = {isa = PBXFileReference; lastKnownFileType = sourcecode.swift; path = Contact.swift; sourceTree = "<group>"; };
		64E8790F292EA67D00EB9FEE /* DataStore.swift */ = {isa = PBXFileReference; lastKnownFileType = sourcecode.swift; path = DataStore.swift; sourceTree = "<group>"; };
		64E87912292EAA4100EB9FEE /* ContactListViewController.swift */ = {isa = PBXFileReference; lastKnownFileType = sourcecode.swift; path = ContactListViewController.swift; sourceTree = "<group>"; };
		64E87915292EB53300EB9FEE /* ContactDetailsViewController.swift */ = {isa = PBXFileReference; lastKnownFileType = sourcecode.swift; path = ContactDetailsViewController.swift; sourceTree = "<group>"; };
/* End PBXFileReference section */

/* Begin PBXFrameworksBuildPhase section */
		64E878F0292EA3A800EB9FEE /* Frameworks */ = {
			isa = PBXFrameworksBuildPhase;
			buildActionMask = 2147483647;
			files = (
			);
			runOnlyForDeploymentPostprocessing = 0;
		};
/* End PBXFrameworksBuildPhase section */

/* Begin PBXGroup section */
		64E878EA292EA3A800EB9FEE = {
			isa = PBXGroup;
			children = (
				64E878F5292EA3A800EB9FEE /* ContactList */,
				64E878F4292EA3A800EB9FEE /* Products */,
			);
			sourceTree = "<group>";
		};
		64E878F4292EA3A800EB9FEE /* Products */ = {
			isa = PBXGroup;
			children = (
				64E878F3292EA3A800EB9FEE /* ContactList.app */,
			);
			name = Products;
			sourceTree = "<group>";
		};
		64E878F5292EA3A800EB9FEE /* ContactList */ = {
			isa = PBXGroup;
			children = (
				64E8790A292EA3C600EB9FEE /* App */,
				64E8790B292EA3D900EB9FEE /* Storyboards */,
				64E87914292EAA4700EB9FEE /* ViewControllers */,
				64E8790E292EA4EF00EB9FEE /* Models */,
				64E87911292EA68600EB9FEE /* Services */,
				64E878FF292EA3A900EB9FEE /* Assets.xcassets */,
				64E87904292EA3A900EB9FEE /* Info.plist */,
			);
			path = ContactList;
			sourceTree = "<group>";
		};
		64E8790A292EA3C600EB9FEE /* App */ = {
			isa = PBXGroup;
			children = (
				64E878F6292EA3A800EB9FEE /* AppDelegate.swift */,
				64E878F8292EA3A800EB9FEE /* SceneDelegate.swift */,
			);
			path = App;
			sourceTree = "<group>";
		};
		64E8790B292EA3D900EB9FEE /* Storyboards */ = {
			isa = PBXGroup;
			children = (
				64E878FC292EA3A800EB9FEE /* Main.storyboard */,
				64E87901292EA3A900EB9FEE /* LaunchScreen.storyboard */,
			);
			path = Storyboards;
			sourceTree = "<group>";
		};
		64E8790E292EA4EF00EB9FEE /* Models */ = {
			isa = PBXGroup;
			children = (
				64E8790C292EA4EB00EB9FEE /* Contact.swift */,
			);
			path = Models;
			sourceTree = "<group>";
		};
		64E87911292EA68600EB9FEE /* Services */ = {
			isa = PBXGroup;
			children = (
				64E8790F292EA67D00EB9FEE /* DataStore.swift */,
			);
			path = Services;
			sourceTree = "<group>";
		};
		64E87914292EAA4700EB9FEE /* ViewControllers */ = {
			isa = PBXGroup;
			children = (
				64E87912292EAA4100EB9FEE /* ContactListViewController.swift */,
				64E87915292EB53300EB9FEE /* ContactDetailsViewController.swift */,
			);
			path = ViewControllers;
			sourceTree = "<group>";
		};
/* End PBXGroup section */

/* Begin PBXNativeTarget section */
		64E878F2292EA3A800EB9FEE /* ContactList */ = {
			isa = PBXNativeTarget;
			buildConfigurationList = 64E87907292EA3A900EB9FEE /* Build configuration list for PBXNativeTarget "ContactList" */;
			buildPhases = (
				64E878EF292EA3A800EB9FEE /* Sources */,
				64E878F0292EA3A800EB9FEE /* Frameworks */,
				64E878F1292EA3A800EB9FEE /* Resources */,
			);
			buildRules = (
			);
			dependencies = (
			);
			name = ContactList;
			productName = ContactList;
			productReference = 64E878F3292EA3A800EB9FEE /* ContactList.app */;
			productType = "com.apple.product-type.application";
		};
/* End PBXNativeTarget section */

/* Begin PBXProject section */
		64E878EB292EA3A800EB9FEE /* Project object */ = {
			isa = PBXProject;
			attributes = {
				BuildIndependentTargetsInParallel = 1;
				LastSwiftUpdateCheck = 1410;
				LastUpgradeCheck = 1410;
				TargetAttributes = {
					64E878F2292EA3A800EB9FEE = {
						CreatedOnToolsVersion = 14.1;
					};
				};
			};
			buildConfigurationList = 64E878EE292EA3A800EB9FEE /* Build configuration list for PBXProject "ContactList" */;
			compatibilityVersion = "Xcode 14.0";
			developmentRegion = en;
			hasScannedForEncodings = 0;
			knownRegions = (
				en,
				Base,
			);
			mainGroup = 64E878EA292EA3A800EB9FEE;
			productRefGroup = 64E878F4292EA3A800EB9FEE /* Products */;
			projectDirPath = "";
			projectRoot = "";
			targets = (
				64E878F2292EA3A800EB9FEE /* ContactList */,
			);
		};
/* End PBXProject section */

/* Begin PBXResourcesBuildPhase section */
		64E878F1292EA3A800EB9FEE /* Resources */ = {
			isa = PBXResourcesBuildPhase;
			buildActionMask = 2147483647;
			files = (
				64E87903292EA3A900EB9FEE /* LaunchScreen.storyboard in Resources */,
				64E87900292EA3A900EB9FEE /* Assets.xcassets in Resources */,
				64E878FE292EA3A800EB9FEE /* Main.storyboard in Resources */,
			);
			runOnlyForDeploymentPostprocessing = 0;
		};
/* End PBXResourcesBuildPhase section */

/* Begin PBXSourcesBuildPhase section */
		64E878EF292EA3A800EB9FEE /* Sources */ = {
			isa = PBXSourcesBuildPhase;
			buildActionMask = 2147483647;
			files = (
				64E8790D292EA4EB00EB9FEE /* Contact.swift in Sources */,
				64E87913292EAA4100EB9FEE /* ContactListViewController.swift in Sources */,
				64E87916292EB53300EB9FEE /* ContactDetailsViewController.swift in Sources */,
				64E87910292EA67D00EB9FEE /* DataStore.swift in Sources */,
				64E878F7292EA3A800EB9FEE /* AppDelegate.swift in Sources */,
				64E878F9292EA3A800EB9FEE /* SceneDelegate.swift in Sources */,
			);
			runOnlyForDeploymentPostprocessing = 0;
		};
/* End PBXSourcesBuildPhase section */

/* Begin PBXVariantGroup section */
		64E878FC292EA3A800EB9FEE /* Main.storyboard */ = {
			isa = PBXVariantGroup;
			children = (
				64E878FD292EA3A800EB9FEE /* Base */,
			);
			name = Main.storyboard;
			sourceTree = "<group>";
		};
		64E87901292EA3A900EB9FEE /* LaunchScreen.storyboard */ = {
			isa = PBXVariantGroup;
			children = (
				64E87902292EA3A900EB9FEE /* Base */,
			);
			name = LaunchScreen.storyboard;
			sourceTree = "<group>";
		};
/* End PBXVariantGroup section */

/* Begin XCBuildConfiguration section */
		64E87905292EA3A900EB9FEE /* Debug */ = {
			isa = XCBuildConfiguration;
			buildSettings = {
				ALWAYS_SEARCH_USER_PATHS = NO;
				CLANG_ANALYZER_NONNULL = YES;
				CLANG_ANALYZER_NUMBER_OBJECT_CONVERSION = YES_AGGRESSIVE;
				CLANG_CXX_LANGUAGE_STANDARD = "gnu++20";
				CLANG_ENABLE_MODULES = YES;
				CLANG_ENABLE_OBJC_ARC = YES;
				CLANG_ENABLE_OBJC_WEAK = YES;
				CLANG_WARN_BLOCK_CAPTURE_AUTORELEASING = YES;
				CLANG_WARN_BOOL_CONVERSION = YES;
				CLANG_WARN_COMMA = YES;
				CLANG_WARN_CONSTANT_CONVERSION = YES;
				CLANG_WARN_DEPRECATED_OBJC_IMPLEMENTATIONS = YES;
				CLANG_WARN_DIRECT_OBJC_ISA_USAGE = YES_ERROR;
				CLANG_WARN_DOCUMENTATION_COMMENTS = YES;
				CLANG_WARN_EMPTY_BODY = YES;
				CLANG_WARN_ENUM_CONVERSION = YES;
				CLANG_WARN_INFINITE_RECURSION = YES;
				CLANG_WARN_INT_CONVERSION = YES;
				CLANG_WARN_NON_LITERAL_NULL_CONVERSION = YES;
				CLANG_WARN_OBJC_IMPLICIT_RETAIN_SELF = YES;
				CLANG_WARN_OBJC_LITERAL_CONVERSION = YES;
				CLANG_WARN_OBJC_ROOT_CLASS = YES_ERROR;
				CLANG_WARN_QUOTED_INCLUDE_IN_FRAMEWORK_HEADER = YES;
				CLANG_WARN_RANGE_LOOP_ANALYSIS = YES;
				CLANG_WARN_STRICT_PROTOTYPES = YES;
				CLANG_WARN_SUSPICIOUS_MOVE = YES;
				CLANG_WARN_UNGUARDED_AVAILABILITY = YES_AGGRESSIVE;
				CLANG_WARN_UNREACHABLE_CODE = YES;
				CLANG_WARN__DUPLICATE_METHOD_MATCH = YES;
				COPY_PHASE_STRIP = NO;
				DEBUG_INFORMATION_FORMAT = dwarf;
				ENABLE_STRICT_OBJC_MSGSEND = YES;
				ENABLE_TESTABILITY = YES;
				GCC_C_LANGUAGE_STANDARD = gnu11;
				GCC_DYNAMIC_NO_PIC = NO;
				GCC_NO_COMMON_BLOCKS = YES;
				GCC_OPTIMIZATION_LEVEL = 0;
				GCC_PREPROCESSOR_DEFINITIONS = (
					"DEBUG=1",
					"$(inherited)",
				);
				GCC_WARN_64_TO_32_BIT_CONVERSION = YES;
				GCC_WARN_ABOUT_RETURN_TYPE = YES_ERROR;
				GCC_WARN_UNDECLARED_SELECTOR = YES;
				GCC_WARN_UNINITIALIZED_AUTOS = YES_AGGRESSIVE;
				GCC_WARN_UNUSED_FUNCTION = YES;
				GCC_WARN_UNUSED_VARIABLE = YES;
				IPHONEOS_DEPLOYMENT_TARGET = 16.1;
				MTL_ENABLE_DEBUG_INFO = INCLUDE_SOURCE;
				MTL_FAST_MATH = YES;
				ONLY_ACTIVE_ARCH = YES;
				SDKROOT = iphoneos;
				SWIFT_ACTIVE_COMPILATION_CONDITIONS = DEBUG;
				SWIFT_OPTIMIZATION_LEVEL = "-Onone";
			};
			name = Debug;
		};
		64E87906292EA3A900EB9FEE /* Release */ = {
			isa = XCBuildConfiguration;
			buildSettings = {
				ALWAYS_SEARCH_USER_PATHS = NO;
				CLANG_ANALYZER_NONNULL = YES;
				CLANG_ANALYZER_NUMBER_OBJECT_CONVERSION = YES_AGGRESSIVE;
				CLANG_CXX_LANGUAGE_STANDARD = "gnu++20";
				CLANG_ENABLE_MODULES = YES;
				CLANG_ENABLE_OBJC_ARC = YES;
				CLANG_ENABLE_OBJC_WEAK = YES;
				CLANG_WARN_BLOCK_CAPTURE_AUTORELEASING = YES;
				CLANG_WARN_BOOL_CONVERSION = YES;
				CLANG_WARN_COMMA = YES;
				CLANG_WARN_CONSTANT_CONVERSION = YES;
				CLANG_WARN_DEPRECATED_OBJC_IMPLEMENTATIONS = YES;
				CLANG_WARN_DIRECT_OBJC_ISA_USAGE = YES_ERROR;
				CLANG_WARN_DOCUMENTATION_COMMENTS = YES;
				CLANG_WARN_EMPTY_BODY = YES;
				CLANG_WARN_ENUM_CONVERSION = YES;
				CLANG_WARN_INFINITE_RECURSION = YES;
				CLANG_WARN_INT_CONVERSION = YES;
				CLANG_WARN_NON_LITERAL_NULL_CONVERSION = YES;
				CLANG_WARN_OBJC_IMPLICIT_RETAIN_SELF = YES;
				CLANG_WARN_OBJC_LITERAL_CONVERSION = YES;
				CLANG_WARN_OBJC_ROOT_CLASS = YES_ERROR;
				CLANG_WARN_QUOTED_INCLUDE_IN_FRAMEWORK_HEADER = YES;
				CLANG_WARN_RANGE_LOOP_ANALYSIS = YES;
				CLANG_WARN_STRICT_PROTOTYPES = YES;
				CLANG_WARN_SUSPICIOUS_MOVE = YES;
				CLANG_WARN_UNGUARDED_AVAILABILITY = YES_AGGRESSIVE;
				CLANG_WARN_UNREACHABLE_CODE = YES;
				CLANG_WARN__DUPLICATE_METHOD_MATCH = YES;
				COPY_PHASE_STRIP = NO;
				DEBUG_INFORMATION_FORMAT = "dwarf-with-dsym";
				ENABLE_NS_ASSERTIONS = NO;
				ENABLE_STRICT_OBJC_MSGSEND = YES;
				GCC_C_LANGUAGE_STANDARD = gnu11;
				GCC_NO_COMMON_BLOCKS = YES;
				GCC_WARN_64_TO_32_BIT_CONVERSION = YES;
				GCC_WARN_ABOUT_RETURN_TYPE = YES_ERROR;
				GCC_WARN_UNDECLARED_SELECTOR = YES;
				GCC_WARN_UNINITIALIZED_AUTOS = YES_AGGRESSIVE;
				GCC_WARN_UNUSED_FUNCTION = YES;
				GCC_WARN_UNUSED_VARIABLE = YES;
				IPHONEOS_DEPLOYMENT_TARGET = 16.1;
				MTL_ENABLE_DEBUG_INFO = NO;
				MTL_FAST_MATH = YES;
				SDKROOT = iphoneos;
				SWIFT_COMPILATION_MODE = wholemodule;
				SWIFT_OPTIMIZATION_LEVEL = "-O";
				VALIDATE_PRODUCT = YES;
			};
			name = Release;
		};
		64E87908292EA3A900EB9FEE /* Debug */ = {
			isa = XCBuildConfiguration;
			buildSettings = {
				ASSETCATALOG_COMPILER_APPICON_NAME = AppIcon;
				ASSETCATALOG_COMPILER_GLOBAL_ACCENT_COLOR_NAME = AccentColor;
				CODE_SIGN_STYLE = Automatic;
				CURRENT_PROJECT_VERSION = 1;
				DEVELOPMENT_TEAM = W7Y73UQF4W;
				GENERATE_INFOPLIST_FILE = YES;
				INFOPLIST_FILE = ContactList/Info.plist;
				INFOPLIST_KEY_LSApplicationCategoryType = "public.app-category.productivity";
				INFOPLIST_KEY_UIApplicationSupportsIndirectInputEvents = YES;
				INFOPLIST_KEY_UILaunchStoryboardName = LaunchScreen;
				INFOPLIST_KEY_UIMainStoryboardFile = Main;
				INFOPLIST_KEY_UISupportedInterfaceOrientations = UIInterfaceOrientationPortrait;
				INFOPLIST_KEY_UISupportedInterfaceOrientations_iPad = "UIInterfaceOrientationLandscapeLeft UIInterfaceOrientationLandscapeRight UIInterfaceOrientationPortrait UIInterfaceOrientationPortraitUpsideDown";
				LD_RUNPATH_SEARCH_PATHS = (
					"$(inherited)",
					"@executable_path/Frameworks",
				);
				MARKETING_VERSION = 1.0;
				PRODUCT_BUNDLE_IDENTIFIER = com.jeffersoens.ContactList;
				PRODUCT_NAME = "$(TARGET_NAME)";
				SUPPORTED_PLATFORMS = "iphoneos iphonesimulator";
				SUPPORTS_MACCATALYST = NO;
				SUPPORTS_MAC_DESIGNED_FOR_IPHONE_IPAD = NO;
				SWIFT_EMIT_LOC_STRINGS = YES;
				SWIFT_VERSION = 5.0;
				TARGETED_DEVICE_FAMILY = 1;
			};
			name = Debug;
		};
		64E87909292EA3A900EB9FEE /* Release */ = {
			isa = XCBuildConfiguration;
			buildSettings = {
				ASSETCATALOG_COMPILER_APPICON_NAME = AppIcon;
				ASSETCATALOG_COMPILER_GLOBAL_ACCENT_COLOR_NAME = AccentColor;
				CODE_SIGN_STYLE = Automatic;
				CURRENT_PROJECT_VERSION = 1;
				DEVELOPMENT_TEAM = W7Y73UQF4W;
				GENERATE_INFOPLIST_FILE = YES;
				INFOPLIST_FILE = ContactList/Info.plist;
				INFOPLIST_KEY_LSApplicationCategoryType = "public.app-category.productivity";
				INFOPLIST_KEY_UIApplicationSupportsIndirectInputEvents = YES;
				INFOPLIST_KEY_UILaunchStoryboardName = LaunchScreen;
				INFOPLIST_KEY_UIMainStoryboardFile = Main;
				INFOPLIST_KEY_UISupportedInterfaceOrientations = UIInterfaceOrientationPortrait;
				INFOPLIST_KEY_UISupportedInterfaceOrientations_iPad = "UIInterfaceOrientationLandscapeLeft UIInterfaceOrientationLandscapeRight UIInterfaceOrientationPortrait UIInterfaceOrientationPortraitUpsideDown";
				LD_RUNPATH_SEARCH_PATHS = (
					"$(inherited)",
					"@executable_path/Frameworks",
				);
				MARKETING_VERSION = 1.0;
				PRODUCT_BUNDLE_IDENTIFIER = com.jeffersoens.ContactList;
				PRODUCT_NAME = "$(TARGET_NAME)";
				SUPPORTED_PLATFORMS = "iphoneos iphonesimulator";
				SUPPORTS_MACCATALYST = NO;
				SUPPORTS_MAC_DESIGNED_FOR_IPHONE_IPAD = NO;
				SWIFT_EMIT_LOC_STRINGS = YES;
				SWIFT_VERSION = 5.0;
				TARGETED_DEVICE_FAMILY = 1;
			};
			name = Release;
		};
/* End XCBuildConfiguration section */

/* Begin XCConfigurationList section */
		64E878EE292EA3A800EB9FEE /* Build configuration list for PBXProject "ContactList" */ = {
			isa = XCConfigurationList;
			buildConfigurations = (
				64E87905292EA3A900EB9FEE /* Debug */,
				64E87906292EA3A900EB9FEE /* Release */,
			);
			defaultConfigurationIsVisible = 0;
			defaultConfigurationName = Release;
		};
		64E87907292EA3A900EB9FEE /* Build configuration list for PBXNativeTarget "ContactList" */ = {
			isa = XCConfigurationList;
			buildConfigurations = (
				64E87908292EA3A900EB9FEE /* Debug */,
				64E87909292EA3A900EB9FEE /* Release */,
			);
			defaultConfigurationIsVisible = 0;
			defaultConfigurationName = Release;
		};
/* End XCConfigurationList section */
	};
	rootObject = 64E878EB292EA3A800EB9FEE /* Project object */;
}
